// !$*UTF8*$!
{
	archiveVersion = 1;
	classes = {
	};
	objectVersion = 46;
	objects = {

/* Begin PBXBuildFile section */
		88A0C19B1F85ABA500D2DB4B /* main.m in Sources */ = {isa = PBXBuildFile; fileRef = 88A0C19A1F85ABA500D2DB4B /* main.m */; };
		88A0C19E1F85ABA500D2DB4B /* AppDelegate.m in Sources */ = {isa = PBXBuildFile; fileRef = 88A0C19D1F85ABA500D2DB4B /* AppDelegate.m */; };
		88A0C1A11F85ABA500D2DB4B /* ViewController.m in Sources */ = {isa = PBXBuildFile; fileRef = 88A0C1A01F85ABA500D2DB4B /* ViewController.m */; };
		88A0C1A41F85ABA500D2DB4B /* Main.storyboard in Resources */ = {isa = PBXBuildFile; fileRef = 88A0C1A21F85ABA500D2DB4B /* Main.storyboard */; };
		88A0C1A71F85ABA500D2DB4B /* NutritionApp.xcdatamodeld in Sources */ = {isa = PBXBuildFile; fileRef = 88A0C1A51F85ABA500D2DB4B /* NutritionApp.xcdatamodeld */; };
		88A0C1A91F85ABA500D2DB4B /* Assets.xcassets in Resources */ = {isa = PBXBuildFile; fileRef = 88A0C1A81F85ABA500D2DB4B /* Assets.xcassets */; };
		88A0C1AC1F85ABA500D2DB4B /* LaunchScreen.storyboard in Resources */ = {isa = PBXBuildFile; fileRef = 88A0C1AA1F85ABA500D2DB4B /* LaunchScreen.storyboard */; };
		88A0C1B51F85B0B500D2DB4B /* NutritionParams.m in Sources */ = {isa = PBXBuildFile; fileRef = 88A0C1B41F85B0B500D2DB4B /* NutritionParams.m */; };
		88E78EAD1F86858F008D3CE7 /* DetailViewController.m in Sources */ = {isa = PBXBuildFile; fileRef = 88E78EAC1F86858F008D3CE7 /* DetailViewController.m */; };
		88E78EB01F8697DD008D3CE7 /* PhotoCollectionViewCell.m in Sources */ = {isa = PBXBuildFile; fileRef = 88E78EAF1F8697DD008D3CE7 /* PhotoCollectionViewCell.m */; };
		88E78EB31F86988B008D3CE7 /* PhotoManager.m in Sources */ = {isa = PBXBuildFile; fileRef = 88E78EB21F86988B008D3CE7 /* PhotoManager.m */; };
		88E78EB61F86989F008D3CE7 /* PhotoObject.m in Sources */ = {isa = PBXBuildFile; fileRef = 88E78EB51F86989F008D3CE7 /* PhotoObject.m */; };
		88E78EB91F8698B8008D3CE7 /* Photo.m in Sources */ = {isa = PBXBuildFile; fileRef = 88E78EB81F8698B8008D3CE7 /* Photo.m */; };
		88E78EC01F87DAEE008D3CE7 /* NetworkRequest.m in Sources */ = {isa = PBXBuildFile; fileRef = 88E78EBF1F87DAEE008D3CE7 /* NetworkRequest.m */; };
		88E78ED61F87E165008D3CE7 /* DraggableView.m in Sources */ = {isa = PBXBuildFile; fileRef = 88E78EC71F87E164008D3CE7 /* DraggableView.m */; };
		88E78ED71F87E165008D3CE7 /* DraggableViewBackground.m in Sources */ = {isa = PBXBuildFile; fileRef = 88E78EC91F87E164008D3CE7 /* DraggableViewBackground.m */; };
		88E78ED81F87E165008D3CE7 /* InfoPlist.strings in Resources */ = {isa = PBXBuildFile; fileRef = 88E78ECA1F87E164008D3CE7 /* InfoPlist.strings */; };
		88E78ED91F87E165008D3CE7 /* Images.xcassets in Resources */ = {isa = PBXBuildFile; fileRef = 88E78ECC1F87E164008D3CE7 /* Images.xcassets */; };
		88E78EDB1F87E165008D3CE7 /* OverlayView.m in Sources */ = {isa = PBXBuildFile; fileRef = 88E78ECF1F87E164008D3CE7 /* OverlayView.m */; };
		88E78EDC1F87E165008D3CE7 /* RKSwipeCards-Info.plist in Resources */ = {isa = PBXBuildFile; fileRef = 88E78ED01F87E164008D3CE7 /* RKSwipeCards-Info.plist */; };
		88E78EE01F87E1CA008D3CE7 /* DetailedViewController.m in Sources */ = {isa = PBXBuildFile; fileRef = 88E78EDF1F87E1CA008D3CE7 /* DetailedViewController.m */; };
		958C7E873659BA77DA21AB4A /* libPods-NutritionApp.a in Frameworks */ = {isa = PBXBuildFile; fileRef = 1CA146DD173A9AD4F1F67C73 /* libPods-NutritionApp.a */; };
/* End PBXBuildFile section */

/* Begin PBXFileReference section */
		1CA146DD173A9AD4F1F67C73 /* libPods-NutritionApp.a */ = {isa = PBXFileReference; explicitFileType = archive.ar; includeInIndex = 0; path = "libPods-NutritionApp.a"; sourceTree = BUILT_PRODUCTS_DIR; };
		6CFF0183B378149B426D765F /* Pods-NutritionApp.release.xcconfig */ = {isa = PBXFileReference; includeInIndex = 1; lastKnownFileType = text.xcconfig; name = "Pods-NutritionApp.release.xcconfig"; path = "Pods/Target Support Files/Pods-NutritionApp/Pods-NutritionApp.release.xcconfig"; sourceTree = "<group>"; };
		88A0C1961F85ABA500D2DB4B /* NutritionApp.app */ = {isa = PBXFileReference; explicitFileType = wrapper.application; includeInIndex = 0; path = NutritionApp.app; sourceTree = BUILT_PRODUCTS_DIR; };
		88A0C19A1F85ABA500D2DB4B /* main.m */ = {isa = PBXFileReference; lastKnownFileType = sourcecode.c.objc; path = main.m; sourceTree = "<group>"; };
		88A0C19C1F85ABA500D2DB4B /* AppDelegate.h */ = {isa = PBXFileReference; lastKnownFileType = sourcecode.c.h; path = AppDelegate.h; sourceTree = "<group>"; };
		88A0C19D1F85ABA500D2DB4B /* AppDelegate.m */ = {isa = PBXFileReference; lastKnownFileType = sourcecode.c.objc; path = AppDelegate.m; sourceTree = "<group>"; };
		88A0C19F1F85ABA500D2DB4B /* ViewController.h */ = {isa = PBXFileReference; lastKnownFileType = sourcecode.c.h; path = ViewController.h; sourceTree = "<group>"; };
		88A0C1A01F85ABA500D2DB4B /* ViewController.m */ = {isa = PBXFileReference; lastKnownFileType = sourcecode.c.objc; path = ViewController.m; sourceTree = "<group>"; };
		88A0C1A31F85ABA500D2DB4B /* Base */ = {isa = PBXFileReference; lastKnownFileType = file.storyboard; name = Base; path = Base.lproj/Main.storyboard; sourceTree = "<group>"; };
		88A0C1A61F85ABA500D2DB4B /* NutritionApp.xcdatamodel */ = {isa = PBXFileReference; lastKnownFileType = wrapper.xcdatamodel; path = NutritionApp.xcdatamodel; sourceTree = "<group>"; };
		88A0C1A81F85ABA500D2DB4B /* Assets.xcassets */ = {isa = PBXFileReference; lastKnownFileType = folder.assetcatalog; path = Assets.xcassets; sourceTree = "<group>"; };
		88A0C1AB1F85ABA500D2DB4B /* Base */ = {isa = PBXFileReference; lastKnownFileType = file.storyboard; name = Base; path = Base.lproj/LaunchScreen.storyboard; sourceTree = "<group>"; };
		88A0C1AD1F85ABA500D2DB4B /* Info.plist */ = {isa = PBXFileReference; lastKnownFileType = text.plist.xml; path = Info.plist; sourceTree = "<group>"; };
		88A0C1B31F85B0B500D2DB4B /* NutritionParams.h */ = {isa = PBXFileReference; fileEncoding = 4; lastKnownFileType = sourcecode.c.h; path = NutritionParams.h; sourceTree = "<group>"; };
		88A0C1B41F85B0B500D2DB4B /* NutritionParams.m */ = {isa = PBXFileReference; fileEncoding = 4; lastKnownFileType = sourcecode.c.objc; path = NutritionParams.m; sourceTree = "<group>"; };
		88E78EAB1F86858F008D3CE7 /* DetailViewController.h */ = {isa = PBXFileReference; fileEncoding = 4; lastKnownFileType = sourcecode.c.h; path = DetailViewController.h; sourceTree = "<group>"; };
		88E78EAC1F86858F008D3CE7 /* DetailViewController.m */ = {isa = PBXFileReference; fileEncoding = 4; lastKnownFileType = sourcecode.c.objc; path = DetailViewController.m; sourceTree = "<group>"; };
		88E78EAE1F8697DD008D3CE7 /* PhotoCollectionViewCell.h */ = {isa = PBXFileReference; fileEncoding = 4; lastKnownFileType = sourcecode.c.h; path = PhotoCollectionViewCell.h; sourceTree = "<group>"; };
		88E78EAF1F8697DD008D3CE7 /* PhotoCollectionViewCell.m */ = {isa = PBXFileReference; fileEncoding = 4; lastKnownFileType = sourcecode.c.objc; path = PhotoCollectionViewCell.m; sourceTree = "<group>"; };
		88E78EB11F86988B008D3CE7 /* PhotoManager.h */ = {isa = PBXFileReference; fileEncoding = 4; lastKnownFileType = sourcecode.c.h; path = PhotoManager.h; sourceTree = "<group>"; };
		88E78EB21F86988B008D3CE7 /* PhotoManager.m */ = {isa = PBXFileReference; fileEncoding = 4; lastKnownFileType = sourcecode.c.objc; path = PhotoManager.m; sourceTree = "<group>"; };
		88E78EB41F86989F008D3CE7 /* PhotoObject.h */ = {isa = PBXFileReference; fileEncoding = 4; lastKnownFileType = sourcecode.c.h; path = PhotoObject.h; sourceTree = "<group>"; };
		88E78EB51F86989F008D3CE7 /* PhotoObject.m */ = {isa = PBXFileReference; fileEncoding = 4; lastKnownFileType = sourcecode.c.objc; path = PhotoObject.m; sourceTree = "<group>"; };
		88E78EB71F8698B8008D3CE7 /* Photo.h */ = {isa = PBXFileReference; fileEncoding = 4; lastKnownFileType = sourcecode.c.h; path = Photo.h; sourceTree = "<group>"; };
		88E78EB81F8698B8008D3CE7 /* Photo.m */ = {isa = PBXFileReference; fileEncoding = 4; lastKnownFileType = sourcecode.c.objc; path = Photo.m; sourceTree = "<group>"; };
		88E78EBE1F87DAEE008D3CE7 /* NetworkRequest.h */ = {isa = PBXFileReference; fileEncoding = 4; lastKnownFileType = sourcecode.c.h; path = NetworkRequest.h; sourceTree = "<group>"; };
		88E78EBF1F87DAEE008D3CE7 /* NetworkRequest.m */ = {isa = PBXFileReference; fileEncoding = 4; lastKnownFileType = sourcecode.c.objc; path = NetworkRequest.m; sourceTree = "<group>"; };
		88E78EC61F87E164008D3CE7 /* DraggableView.h */ = {isa = PBXFileReference; fileEncoding = 4; lastKnownFileType = sourcecode.c.h; path = DraggableView.h; sourceTree = "<group>"; };
		88E78EC71F87E164008D3CE7 /* DraggableView.m */ = {isa = PBXFileReference; fileEncoding = 4; lastKnownFileType = sourcecode.c.objc; path = DraggableView.m; sourceTree = "<group>"; };
		88E78EC81F87E164008D3CE7 /* DraggableViewBackground.h */ = {isa = PBXFileReference; fileEncoding = 4; lastKnownFileType = sourcecode.c.h; path = DraggableViewBackground.h; sourceTree = "<group>"; };
		88E78EC91F87E164008D3CE7 /* DraggableViewBackground.m */ = {isa = PBXFileReference; fileEncoding = 4; lastKnownFileType = sourcecode.c.objc; path = DraggableViewBackground.m; sourceTree = "<group>"; };
		88E78ECB1F87E164008D3CE7 /* en */ = {isa = PBXFileReference; lastKnownFileType = text.plist.strings; name = en; path = en.lproj/InfoPlist.strings; sourceTree = "<group>"; };
		88E78ECC1F87E164008D3CE7 /* Images.xcassets */ = {isa = PBXFileReference; lastKnownFileType = folder.assetcatalog; path = Images.xcassets; sourceTree = "<group>"; };
		88E78ECE1F87E164008D3CE7 /* OverlayView.h */ = {isa = PBXFileReference; fileEncoding = 4; lastKnownFileType = sourcecode.c.h; path = OverlayView.h; sourceTree = "<group>"; };
		88E78ECF1F87E164008D3CE7 /* OverlayView.m */ = {isa = PBXFileReference; fileEncoding = 4; lastKnownFileType = sourcecode.c.objc; path = OverlayView.m; sourceTree = "<group>"; };
		88E78ED01F87E164008D3CE7 /* RKSwipeCards-Info.plist */ = {isa = PBXFileReference; fileEncoding = 4; lastKnownFileType = text.plist.xml; path = "RKSwipeCards-Info.plist"; sourceTree = "<group>"; };
		88E78ED11F87E164008D3CE7 /* RKSwipeCards-Prefix.pch */ = {isa = PBXFileReference; fileEncoding = 4; lastKnownFileType = sourcecode.c.h; path = "RKSwipeCards-Prefix.pch"; sourceTree = "<group>"; };
		88E78EDE1F87E1CA008D3CE7 /* DetailedViewController.h */ = {isa = PBXFileReference; fileEncoding = 4; lastKnownFileType = sourcecode.c.h; name = DetailedViewController.h; path = ../DetailedViewController.h; sourceTree = "<group>"; };
		88E78EDF1F87E1CA008D3CE7 /* DetailedViewController.m */ = {isa = PBXFileReference; fileEncoding = 4; lastKnownFileType = sourcecode.c.objc; name = DetailedViewController.m; path = ../DetailedViewController.m; sourceTree = "<group>"; };
		FC49C4649FA43EC1EECD1419 /* Pods-NutritionApp.debug.xcconfig */ = {isa = PBXFileReference; includeInIndex = 1; lastKnownFileType = text.xcconfig; name = "Pods-NutritionApp.debug.xcconfig"; path = "Pods/Target Support Files/Pods-NutritionApp/Pods-NutritionApp.debug.xcconfig"; sourceTree = "<group>"; };
/* End PBXFileReference section */

/* Begin PBXFrameworksBuildPhase section */
		88A0C1931F85ABA500D2DB4B /* Frameworks */ = {
			isa = PBXFrameworksBuildPhase;
			buildActionMask = 2147483647;
			files = (
				958C7E873659BA77DA21AB4A /* libPods-NutritionApp.a in Frameworks */,
			);
			runOnlyForDeploymentPostprocessing = 0;
		};
/* End PBXFrameworksBuildPhase section */

/* Begin PBXGroup section */
		442B51867C1FC6C3C89486AA /* Pods */ = {
			isa = PBXGroup;
			children = (
				FC49C4649FA43EC1EECD1419 /* Pods-NutritionApp.debug.xcconfig */,
				6CFF0183B378149B426D765F /* Pods-NutritionApp.release.xcconfig */,
			);
			name = Pods;
			sourceTree = "<group>";
		};
		520438420E77E44E1A1520B8 /* Frameworks */ = {
			isa = PBXGroup;
			children = (
				1CA146DD173A9AD4F1F67C73 /* libPods-NutritionApp.a */,
			);
			name = Frameworks;
			sourceTree = "<group>";
		};
		88A0C18D1F85ABA500D2DB4B = {
			isa = PBXGroup;
			children = (
				88A0C1981F85ABA500D2DB4B /* NutritionApp */,
				88A0C1971F85ABA500D2DB4B /* Products */,
				442B51867C1FC6C3C89486AA /* Pods */,
				520438420E77E44E1A1520B8 /* Frameworks */,
			);
			sourceTree = "<group>";
		};
		88A0C1971F85ABA500D2DB4B /* Products */ = {
			isa = PBXGroup;
			children = (
				88A0C1961F85ABA500D2DB4B /* NutritionApp.app */,
			);
			name = Products;
			sourceTree = "<group>";
		};
		88A0C1981F85ABA500D2DB4B /* NutritionApp */ = {
			isa = PBXGroup;
			children = (
				88A0C19C1F85ABA500D2DB4B /* AppDelegate.h */,
				88A0C19D1F85ABA500D2DB4B /* AppDelegate.m */,
				88A0C19F1F85ABA500D2DB4B /* ViewController.h */,
				88A0C1A01F85ABA500D2DB4B /* ViewController.m */,
				88A0C1A21F85ABA500D2DB4B /* Main.storyboard */,
				88A0C1A81F85ABA500D2DB4B /* Assets.xcassets */,
				88A0C1AA1F85ABA500D2DB4B /* LaunchScreen.storyboard */,
				88A0C1AD1F85ABA500D2DB4B /* Info.plist */,
				88A0C1A51F85ABA500D2DB4B /* NutritionApp.xcdatamodeld */,
				88A0C1991F85ABA500D2DB4B /* Supporting Files */,
				88A0C1B31F85B0B500D2DB4B /* NutritionParams.h */,
				88A0C1B41F85B0B500D2DB4B /* NutritionParams.m */,
				88E78EDE1F87E1CA008D3CE7 /* DetailedViewController.h */,
				88E78EDF1F87E1CA008D3CE7 /* DetailedViewController.m */,
				88E78EAB1F86858F008D3CE7 /* DetailViewController.h */,
				88E78EAC1F86858F008D3CE7 /* DetailViewController.m */,
				88E78EB11F86988B008D3CE7 /* PhotoManager.h */,
				88E78EB21F86988B008D3CE7 /* PhotoManager.m */,
				88E78EB71F8698B8008D3CE7 /* Photo.h */,
				88E78EB81F8698B8008D3CE7 /* Photo.m */,
				88E78EAE1F8697DD008D3CE7 /* PhotoCollectionViewCell.h */,
				88E78EAF1F8697DD008D3CE7 /* PhotoCollectionViewCell.m */,
				88E78EB41F86989F008D3CE7 /* PhotoObject.h */,
				88E78EB51F86989F008D3CE7 /* PhotoObject.m */,
				88E78EBE1F87DAEE008D3CE7 /* NetworkRequest.h */,
				88E78EBF1F87DAEE008D3CE7 /* NetworkRequest.m */,
			);
			path = NutritionApp;
			sourceTree = "<group>";
		};
		88A0C1991F85ABA500D2DB4B /* Supporting Files */ = {
			isa = PBXGroup;
			children = (
				88E78EC11F87E164008D3CE7 /* RKSwipeCards */,
				88A0C19A1F85ABA500D2DB4B /* main.m */,
			);
			name = "Supporting Files";
			sourceTree = "<group>";
		};
		88E78EC11F87E164008D3CE7 /* RKSwipeCards */ = {
			isa = PBXGroup;
			children = (
				88E78EC61F87E164008D3CE7 /* DraggableView.h */,
				88E78EC71F87E164008D3CE7 /* DraggableView.m */,
				88E78EC81F87E164008D3CE7 /* DraggableViewBackground.h */,
				88E78EC91F87E164008D3CE7 /* DraggableViewBackground.m */,
				88E78ECA1F87E164008D3CE7 /* InfoPlist.strings */,
				88E78ECC1F87E164008D3CE7 /* Images.xcassets */,
				88E78ECE1F87E164008D3CE7 /* OverlayView.h */,
				88E78ECF1F87E164008D3CE7 /* OverlayView.m */,
				88E78ED01F87E164008D3CE7 /* RKSwipeCards-Info.plist */,
				88E78ED11F87E164008D3CE7 /* RKSwipeCards-Prefix.pch */,
			);
			path = RKSwipeCards;
			sourceTree = "<group>";
		};
/* End PBXGroup section */

/* Begin PBXNativeTarget section */
		88A0C1951F85ABA500D2DB4B /* NutritionApp */ = {
			isa = PBXNativeTarget;
			buildConfigurationList = 88A0C1B01F85ABA500D2DB4B /* Build configuration list for PBXNativeTarget "NutritionApp" */;
			buildPhases = (
				5152E0A15F9B18F6CA295632 /* [CP] Check Pods Manifest.lock */,
				88A0C1921F85ABA500D2DB4B /* Sources */,
				88A0C1931F85ABA500D2DB4B /* Frameworks */,
				88A0C1941F85ABA500D2DB4B /* Resources */,
				2675BECBD9BF87A43B26ABBC /* [CP] Embed Pods Frameworks */,
				D6C5D85108D97F7D2A154F57 /* [CP] Copy Pods Resources */,
			);
			buildRules = (
			);
			dependencies = (
			);
			name = NutritionApp;
			productName = NutritionApp;
			productReference = 88A0C1961F85ABA500D2DB4B /* NutritionApp.app */;
			productType = "com.apple.product-type.application";
		};
/* End PBXNativeTarget section */

/* Begin PBXProject section */
		88A0C18E1F85ABA500D2DB4B /* Project object */ = {
			isa = PBXProject;
			attributes = {
				LastUpgradeCheck = 0830;
				ORGANIZATIONNAME = "Jaison Bhatti";
				TargetAttributes = {
					88A0C1951F85ABA500D2DB4B = {
						CreatedOnToolsVersion = 8.3.3;
						ProvisioningStyle = Automatic;
					};
				};
			};
			buildConfigurationList = 88A0C1911F85ABA500D2DB4B /* Build configuration list for PBXProject "NutritionApp" */;
			compatibilityVersion = "Xcode 3.2";
			developmentRegion = English;
			hasScannedForEncodings = 0;
			knownRegions = (
				en,
				Base,
			);
			mainGroup = 88A0C18D1F85ABA500D2DB4B;
			productRefGroup = 88A0C1971F85ABA500D2DB4B /* Products */;
			projectDirPath = "";
			projectRoot = "";
			targets = (
				88A0C1951F85ABA500D2DB4B /* NutritionApp */,
			);
		};
/* End PBXProject section */

/* Begin PBXResourcesBuildPhase section */
		88A0C1941F85ABA500D2DB4B /* Resources */ = {
			isa = PBXResourcesBuildPhase;
			buildActionMask = 2147483647;
			files = (
				88A0C1AC1F85ABA500D2DB4B /* LaunchScreen.storyboard in Resources */,
				88A0C1A91F85ABA500D2DB4B /* Assets.xcassets in Resources */,
				88E78EDC1F87E165008D3CE7 /* RKSwipeCards-Info.plist in Resources */,
				88A0C1A41F85ABA500D2DB4B /* Main.storyboard in Resources */,
				88E78ED91F87E165008D3CE7 /* Images.xcassets in Resources */,
				88E78ED81F87E165008D3CE7 /* InfoPlist.strings in Resources */,
			);
			runOnlyForDeploymentPostprocessing = 0;
		};
/* End PBXResourcesBuildPhase section */

/* Begin PBXShellScriptBuildPhase section */
		2675BECBD9BF87A43B26ABBC /* [CP] Embed Pods Frameworks */ = {
			isa = PBXShellScriptBuildPhase;
			buildActionMask = 2147483647;
			files = (
			);
			inputPaths = (
			);
			name = "[CP] Embed Pods Frameworks";
			outputPaths = (
			);
			runOnlyForDeploymentPostprocessing = 0;
			shellPath = /bin/sh;
			shellScript = "\"${SRCROOT}/Pods/Target Support Files/Pods-NutritionApp/Pods-NutritionApp-frameworks.sh\"\n";
			showEnvVarsInLog = 0;
		};
		5152E0A15F9B18F6CA295632 /* [CP] Check Pods Manifest.lock */ = {
			isa = PBXShellScriptBuildPhase;
			buildActionMask = 2147483647;
			files = (
			);
			inputPaths = (
				"${PODS_PODFILE_DIR_PATH}/Podfile.lock",
				"${PODS_ROOT}/Manifest.lock",
			);
			name = "[CP] Check Pods Manifest.lock";
			outputPaths = (
				"$(DERIVED_FILE_DIR)/Pods-NutritionApp-checkManifestLockResult.txt",
			);
			runOnlyForDeploymentPostprocessing = 0;
			shellPath = /bin/sh;
			shellScript = "diff \"${PODS_PODFILE_DIR_PATH}/Podfile.lock\" \"${PODS_ROOT}/Manifest.lock\" > /dev/null\nif [ $? != 0 ] ; then\n    # print error to STDERR\n    echo \"error: The sandbox is not in sync with the Podfile.lock. Run 'pod install' or update your CocoaPods installation.\" >&2\n    exit 1\nfi\n# This output is used by Xcode 'outputs' to avoid re-running this script phase.\necho \"SUCCESS\" > \"${SCRIPT_OUTPUT_FILE_0}\"\n";
			showEnvVarsInLog = 0;
		};
		D6C5D85108D97F7D2A154F57 /* [CP] Copy Pods Resources */ = {
			isa = PBXShellScriptBuildPhase;
			buildActionMask = 2147483647;
			files = (
			);
			inputPaths = (
			);
			name = "[CP] Copy Pods Resources";
			outputPaths = (
			);
			runOnlyForDeploymentPostprocessing = 0;
			shellPath = /bin/sh;
			shellScript = "\"${SRCROOT}/Pods/Target Support Files/Pods-NutritionApp/Pods-NutritionApp-resources.sh\"\n";
			showEnvVarsInLog = 0;
		};
/* End PBXShellScriptBuildPhase section */

/* Begin PBXSourcesBuildPhase section */
		88A0C1921F85ABA500D2DB4B /* Sources */ = {
			isa = PBXSourcesBuildPhase;
			buildActionMask = 2147483647;
			files = (
				88E78ED61F87E165008D3CE7 /* DraggableView.m in Sources */,
				88E78EB61F86989F008D3CE7 /* PhotoObject.m in Sources */,
				88E78EE01F87E1CA008D3CE7 /* DetailedViewController.m in Sources */,
				88E78EB01F8697DD008D3CE7 /* PhotoCollectionViewCell.m in Sources */,
				88A0C1A11F85ABA500D2DB4B /* ViewController.m in Sources */,
				88A0C19E1F85ABA500D2DB4B /* AppDelegate.m in Sources */,
				88A0C1A71F85ABA500D2DB4B /* NutritionApp.xcdatamodeld in Sources */,
				88E78EC01F87DAEE008D3CE7 /* NetworkRequest.m in Sources */,
				88E78ED71F87E165008D3CE7 /* DraggableViewBackground.m in Sources */,
				88A0C19B1F85ABA500D2DB4B /* main.m in Sources */,
				88A0C1B51F85B0B500D2DB4B /* NutritionParams.m in Sources */,
				88E78EB31F86988B008D3CE7 /* PhotoManager.m in Sources */,
				88E78EB91F8698B8008D3CE7 /* Photo.m in Sources */,
				88E78EAD1F86858F008D3CE7 /* DetailViewController.m in Sources */,
				88E78EDB1F87E165008D3CE7 /* OverlayView.m in Sources */,
			);
			runOnlyForDeploymentPostprocessing = 0;
		};
/* End PBXSourcesBuildPhase section */

/* Begin PBXVariantGroup section */
		88A0C1A21F85ABA500D2DB4B /* Main.storyboard */ = {
			isa = PBXVariantGroup;
			children = (
				88A0C1A31F85ABA500D2DB4B /* Base */,
			);
			name = Main.storyboard;
			sourceTree = "<group>";
		};
		88A0C1AA1F85ABA500D2DB4B /* LaunchScreen.storyboard */ = {
			isa = PBXVariantGroup;
			children = (
				88A0C1AB1F85ABA500D2DB4B /* Base */,
			);
			name = LaunchScreen.storyboard;
			sourceTree = "<group>";
		};
		88E78ECA1F87E164008D3CE7 /* InfoPlist.strings */ = {
			isa = PBXVariantGroup;
			children = (
				88E78ECB1F87E164008D3CE7 /* en */,
			);
			name = InfoPlist.strings;
			sourceTree = "<group>";
		};
/* End PBXVariantGroup section */

/* Begin XCBuildConfiguration section */
		88A0C1AE1F85ABA500D2DB4B /* Debug */ = {
			isa = XCBuildConfiguration;
			buildSettings = {
				ALWAYS_SEARCH_USER_PATHS = NO;
				CLANG_ANALYZER_NONNULL = YES;
				CLANG_ANALYZER_NUMBER_OBJECT_CONVERSION = YES_AGGRESSIVE;
				CLANG_CXX_LANGUAGE_STANDARD = "gnu++0x";
				CLANG_CXX_LIBRARY = "libc++";
				CLANG_ENABLE_MODULES = YES;
				CLANG_ENABLE_OBJC_ARC = YES;
				CLANG_WARN_BOOL_CONVERSION = YES;
				CLANG_WARN_CONSTANT_CONVERSION = YES;
				CLANG_WARN_DIRECT_OBJC_ISA_USAGE = YES_ERROR;
				CLANG_WARN_DOCUMENTATION_COMMENTS = YES;
				CLANG_WARN_EMPTY_BODY = YES;
				CLANG_WARN_ENUM_CONVERSION = YES;
				CLANG_WARN_INFINITE_RECURSION = YES;
				CLANG_WARN_INT_CONVERSION = YES;
				CLANG_WARN_OBJC_ROOT_CLASS = YES_ERROR;
				CLANG_WARN_SUSPICIOUS_MOVE = YES;
				CLANG_WARN_UNREACHABLE_CODE = YES;
				CLANG_WARN__DUPLICATE_METHOD_MATCH = YES;
				"CODE_SIGN_IDENTITY[sdk=iphoneos*]" = "iPhone Developer";
				COPY_PHASE_STRIP = NO;
				DEBUG_INFORMATION_FORMAT = dwarf;
				ENABLE_STRICT_OBJC_MSGSEND = YES;
				ENABLE_TESTABILITY = YES;
				GCC_C_LANGUAGE_STANDARD = gnu99;
				GCC_DYNAMIC_NO_PIC = NO;
				GCC_NO_COMMON_BLOCKS = YES;
				GCC_OPTIMIZATION_LEVEL = 0;
				GCC_PREPROCESSOR_DEFINITIONS = (
					"DEBUG=1",
					"$(inherited)",
				);
				GCC_WARN_64_TO_32_BIT_CONVERSION = YES;
				GCC_WARN_ABOUT_RETURN_TYPE = YES_ERROR;
				GCC_WARN_UNDECLARED_SELECTOR = YES;
				GCC_WARN_UNINITIALIZED_AUTOS = YES_AGGRESSIVE;
				GCC_WARN_UNUSED_FUNCTION = YES;
				GCC_WARN_UNUSED_VARIABLE = YES;
				IPHONEOS_DEPLOYMENT_TARGET = 10.3;
				MTL_ENABLE_DEBUG_INFO = YES;
				ONLY_ACTIVE_ARCH = YES;
				SDKROOT = iphoneos;
			};
			name = Debug;
		};
		88A0C1AF1F85ABA500D2DB4B /* Release */ = {
			isa = XCBuildConfiguration;
			buildSettings = {
				ALWAYS_SEARCH_USER_PATHS = NO;
				CLANG_ANALYZER_NONNULL = YES;
				CLANG_ANALYZER_NUMBER_OBJECT_CONVERSION = YES_AGGRESSIVE;
				CLANG_CXX_LANGUAGE_STANDARD = "gnu++0x";
				CLANG_CXX_LIBRARY = "libc++";
				CLANG_ENABLE_MODULES = YES;
				CLANG_ENABLE_OBJC_ARC = YES;
				CLANG_WARN_BOOL_CONVERSION = YES;
				CLANG_WARN_CONSTANT_CONVERSION = YES;
				CLANG_WARN_DIRECT_OBJC_ISA_USAGE = YES_ERROR;
				CLANG_WARN_DOCUMENTATION_COMMENTS = YES;
				CLANG_WARN_EMPTY_BODY = YES;
				CLANG_WARN_ENUM_CONVERSION = YES;
				CLANG_WARN_INFINITE_RECURSION = YES;
				CLANG_WARN_INT_CONVERSION = YES;
				CLANG_WARN_OBJC_ROOT_CLASS = YES_ERROR;
				CLANG_WARN_SUSPICIOUS_MOVE = YES;
				CLANG_WARN_UNREACHABLE_CODE = YES;
				CLANG_WARN__DUPLICATE_METHOD_MATCH = YES;
				"CODE_SIGN_IDENTITY[sdk=iphoneos*]" = "iPhone Developer";
				COPY_PHASE_STRIP = NO;
				DEBUG_INFORMATION_FORMAT = "dwarf-with-dsym";
				ENABLE_NS_ASSERTIONS = NO;
				ENABLE_STRICT_OBJC_MSGSEND = YES;
				GCC_C_LANGUAGE_STANDARD = gnu99;
				GCC_NO_COMMON_BLOCKS = YES;
				GCC_WARN_64_TO_32_BIT_CONVERSION = YES;
				GCC_WARN_ABOUT_RETURN_TYPE = YES_ERROR;
				GCC_WARN_UNDECLARED_SELECTOR = YES;
				GCC_WARN_UNINITIALIZED_AUTOS = YES_AGGRESSIVE;
				GCC_WARN_UNUSED_FUNCTION = YES;
				GCC_WARN_UNUSED_VARIABLE = YES;
				IPHONEOS_DEPLOYMENT_TARGET = 10.3;
				MTL_ENABLE_DEBUG_INFO = NO;
				SDKROOT = iphoneos;
				VALIDATE_PRODUCT = YES;
			};
			name = Release;
		};
		88A0C1B11F85ABA500D2DB4B /* Debug */ = {
			isa = XCBuildConfiguration;
			baseConfigurationReference = FC49C4649FA43EC1EECD1419 /* Pods-NutritionApp.debug.xcconfig */;
			buildSettings = {
				ASSETCATALOG_COMPILER_APPICON_NAME = AppIcon;
				INFOPLIST_FILE = NutritionApp/Info.plist;
				LD_RUNPATH_SEARCH_PATHS = "$(inherited) @executable_path/Frameworks";
				PRODUCT_BUNDLE_IDENTIFIER = com.jaisonbhatti.NutritionApp;
				PRODUCT_NAME = "$(TARGET_NAME)";
			};
			name = Debug;
		};
		88A0C1B21F85ABA500D2DB4B /* Release */ = {
			isa = XCBuildConfiguration;
			baseConfigurationReference = 6CFF0183B378149B426D765F /* Pods-NutritionApp.release.xcconfig */;
			buildSettings = {
				ASSETCATALOG_COMPILER_APPICON_NAME = AppIcon;
				INFOPLIST_FILE = NutritionApp/Info.plist;
				LD_RUNPATH_SEARCH_PATHS = "$(inherited) @executable_path/Frameworks";
				PRODUCT_BUNDLE_IDENTIFIER = com.jaisonbhatti.NutritionApp;
				PRODUCT_NAME = "$(TARGET_NAME)";
			};
			name = Release;
		};
/* End XCBuildConfiguration section */

/* Begin XCConfigurationList section */
		88A0C1911F85ABA500D2DB4B /* Build configuration list for PBXProject "NutritionApp" */ = {
			isa = XCConfigurationList;
			buildConfigurations = (
				88A0C1AE1F85ABA500D2DB4B /* Debug */,
				88A0C1AF1F85ABA500D2DB4B /* Release */,
			);
			defaultConfigurationIsVisible = 0;
			defaultConfigurationName = Release;
		};
		88A0C1B01F85ABA500D2DB4B /* Build configuration list for PBXNativeTarget "NutritionApp" */ = {
			isa = XCConfigurationList;
			buildConfigurations = (
				88A0C1B11F85ABA500D2DB4B /* Debug */,
				88A0C1B21F85ABA500D2DB4B /* Release */,
			);
			defaultConfigurationIsVisible = 0;
			defaultConfigurationName = Release;
		};
/* End XCConfigurationList section */

/* Begin XCVersionGroup section */
		88A0C1A51F85ABA500D2DB4B /* NutritionApp.xcdatamodeld */ = {
			isa = XCVersionGroup;
			children = (
				88A0C1A61F85ABA500D2DB4B /* NutritionApp.xcdatamodel */,
			);
			currentVersion = 88A0C1A61F85ABA500D2DB4B /* NutritionApp.xcdatamodel */;
			path = NutritionApp.xcdatamodeld;
			sourceTree = "<group>";
			versionGroupType = wrapper.xcdatamodel;
		};
/* End XCVersionGroup section */
	};
	rootObject = 88A0C18E1F85ABA500D2DB4B /* Project object */;
}
